
Microsoft Visual Studio Solution File, Format Version 9.00
# Visual Studio 2005
Project("{8BC9CEB8-8B4A-11D0-8D11-00A0C91BC942}") = "hello_pub", "hello_pub.vcproj", "{A05AC521-7D45-4F55-B8F3-1D9C93F76849}"
EndProject
Project("{8BC9CEB8-8B4A-11D0-8D11-00A0C91BC942}") = "hello_sub", "hello_sub.vcproj", "{56E4CCA8-F23A-4887-ADD9-5D2CBE98C71C}"
EndProject
Global
	GlobalSection(SolutionConfigurationPlatforms) = preSolution
		Debug|Win32 = Debug|Win32
		Release|Win32 = Release|Win32
	EndGlobalSection
	GlobalSection(ProjectConfigurationPlatforms) = postSolution
		{A05AC521-7D45-4F55-B8F3-1D9C93F76849}.Debug|Win32.ActiveCfg = Debug|Win32
		{A05AC521-7D45-4F55-B8F3-1D9C93F76849}.Debug|Win32.Build.0 = Debug|Win32
		{A05AC521-7D45-4F55-B8F3-1D9C93F76849}.Release|Win32.ActiveCfg = Release|Win32
		{A05AC521-7D45-4F55-B8F3-1D9C93F76849}.Release|Win32.Build.0 = Release|Win32
		{56E4CCA8-F23A-4887-ADD9-5D2CBE98C71C}.Debug|Win32.ActiveCfg = Debug|Win32
		{56E4CCA8-F23A-4887-ADD9-5D2CBE98C71C}.Debug|Win32.Build.0 = Debug|Win32
		{56E4CCA8-F23A-4887-ADD9-5D2CBE98C71C}.Release|Win32.ActiveCfg = Release|Win32
		{56E4CCA8-F23A-4887-ADD9-5D2CBE98C71C}.Release|Win32.Build.0 = Release|Win32
	EndGlobalSection
	GlobalSection(SolutionProperties) = preSolution
		HideSolutionNode = FALSE
	EndGlobalSection
EndGlobal
